
Microsoft Visual Studio Solution File, Format Version 12.00
# Visual Studio Version 17
VisualStudioVersion = 17.14.36408.4
MinimumVisualStudioVersion = 10.0.40219.1
Project("{FAE04EC0-301F-11D3-BF4B-00C04F79EFBC}") = "Restaurant", "Restaurant\Restaurant.csproj", "{455665C0-4839-499F-B3B7-9D8B321BEF91}"
EndProject
Project("{FAE04EC0-301F-11D3-BF4B-00C04F79EFBC}") = "Application", "Application\Application.csproj", "{8FF262D2-7A52-4062-8517-382F386E592B}"
EndProject
Project("{FAE04EC0-301F-11D3-BF4B-00C04F79EFBC}") = "Domain", "Domain\Domain.csproj", "{F7AB6EB5-7273-4E01-A158-4911B16EAF36}"
EndProject
Project("{FAE04EC0-301F-11D3-BF4B-00C04F79EFBC}") = "Infrastructure", "Infrastructure\Infrastructure.csproj", "{FC04DB27-A172-46F3-B947-13E8EA5F1D84}"
EndProject
Project("{FAE04EC0-301F-11D3-BF4B-00C04F79EFBC}") = "Test", "Test\Test.csproj", "{5A016F86-C778-41B8-9A6C-89A431608513}"
EndProject
Global
	GlobalSection(SolutionConfigurationPlatforms) = preSolution
		Debug|Any CPU = Debug|Any CPU
		Release|Any CPU = Release|Any CPU
	EndGlobalSection
	GlobalSection(ProjectConfigurationPlatforms) = postSolution
		{455665C0-4839-499F-B3B7-9D8B321BEF91}.Debug|Any CPU.ActiveCfg = Debug|Any CPU
		{455665C0-4839-499F-B3B7-9D8B321BEF91}.Debug|Any CPU.Build.0 = Debug|Any CPU
		{455665C0-4839-499F-B3B7-9D8B321BEF91}.Release|Any CPU.ActiveCfg = Release|Any CPU
		{455665C0-4839-499F-B3B7-9D8B321BEF91}.Release|Any CPU.Build.0 = Release|Any CPU
		{8FF262D2-7A52-4062-8517-382F386E592B}.Debug|Any CPU.ActiveCfg = Debug|Any CPU
		{8FF262D2-7A52-4062-8517-382F386E592B}.Debug|Any CPU.Build.0 = Debug|Any CPU
		{8FF262D2-7A52-4062-8517-382F386E592B}.Release|Any CPU.ActiveCfg = Release|Any CPU
		{8FF262D2-7A52-4062-8517-382F386E592B}.Release|Any CPU.Build.0 = Release|Any CPU
		{F7AB6EB5-7273-4E01-A158-4911B16EAF36}.Debug|Any CPU.ActiveCfg = Debug|Any CPU
		{F7AB6EB5-7273-4E01-A158-4911B16EAF36}.Debug|Any CPU.Build.0 = Debug|Any CPU
		{F7AB6EB5-7273-4E01-A158-4911B16EAF36}.Release|Any CPU.ActiveCfg = Release|Any CPU
		{F7AB6EB5-7273-4E01-A158-4911B16EAF36}.Release|Any CPU.Build.0 = Release|Any CPU
		{FC04DB27-A172-46F3-B947-13E8EA5F1D84}.Debug|Any CPU.ActiveCfg = Debug|Any CPU
		{FC04DB27-A172-46F3-B947-13E8EA5F1D84}.Debug|Any CPU.Build.0 = Debug|Any CPU
		{FC04DB27-A172-46F3-B947-13E8EA5F1D84}.Release|Any CPU.ActiveCfg = Release|Any CPU
		{FC04DB27-A172-46F3-B947-13E8EA5F1D84}.Release|Any CPU.Build.0 = Release|Any CPU
		{5A016F86-C778-41B8-9A6C-89A431608513}.Debug|Any CPU.ActiveCfg = Debug|Any CPU
		{5A016F86-C778-41B8-9A6C-89A431608513}.Debug|Any CPU.Build.0 = Debug|Any CPU
		{5A016F86-C778-41B8-9A6C-89A431608513}.Release|Any CPU.ActiveCfg = Release|Any CPU
		{5A016F86-C778-41B8-9A6C-89A431608513}.Release|Any CPU.Build.0 = Release|Any CPU
	EndGlobalSection
	GlobalSection(SolutionProperties) = preSolution
		HideSolutionNode = FALSE
	EndGlobalSection
	GlobalSection(ExtensibilityGlobals) = postSolution
		SolutionGuid = {115CA795-376D-4EA1-8461-A54F21BBA16E}
	EndGlobalSection
EndGlobal
