
Microsoft Visual Studio Solution File, Format Version 12.00
# Visual Studio Version 17
VisualStudioVersion = 17.14.36408.4 d17.14
MinimumVisualStudioVersion = 10.0.40219.1
Project("{FAE04EC0-301F-11D3-BF4B-00C04F79EFBC}") = "MenuRestaurante", "MenuRestaurante\MenuRestaurante.csproj", "{03BFC285-EBCC-4436-A08C-1E0A03096862}"
EndProject
Project("{FAE04EC0-301F-11D3-BF4B-00C04F79EFBC}") = "Application", "Application\Application.csproj", "{84947B27-67CE-481F-880D-0D45397F2ECE}"
EndProject
Project("{FAE04EC0-301F-11D3-BF4B-00C04F79EFBC}") = "Infrastructure", "Infrastructure\Infrastructure.csproj", "{6EAE4BA5-E254-41EF-829F-BC210463F112}"
EndProject
Project("{FAE04EC0-301F-11D3-BF4B-00C04F79EFBC}") = "Domain", "Domain\Domain.csproj", "{83EF02E0-5DD4-437D-9994-A285E0CA4054}"
EndProject
Global
	GlobalSection(SolutionConfigurationPlatforms) = preSolution
		Debug|Any CPU = Debug|Any CPU
		Release|Any CPU = Release|Any CPU
	EndGlobalSection
	GlobalSection(ProjectConfigurationPlatforms) = postSolution
		{03BFC285-EBCC-4436-A08C-1E0A03096862}.Debug|Any CPU.ActiveCfg = Debug|Any CPU
		{03BFC285-EBCC-4436-A08C-1E0A03096862}.Debug|Any CPU.Build.0 = Debug|Any CPU
		{03BFC285-EBCC-4436-A08C-1E0A03096862}.Release|Any CPU.ActiveCfg = Release|Any CPU
		{03BFC285-EBCC-4436-A08C-1E0A03096862}.Release|Any CPU.Build.0 = Release|Any CPU
		{84947B27-67CE-481F-880D-0D45397F2ECE}.Debug|Any CPU.ActiveCfg = Debug|Any CPU
		{84947B27-67CE-481F-880D-0D45397F2ECE}.Debug|Any CPU.Build.0 = Debug|Any CPU
		{84947B27-67CE-481F-880D-0D45397F2ECE}.Release|Any CPU.ActiveCfg = Release|Any CPU
		{84947B27-67CE-481F-880D-0D45397F2ECE}.Release|Any CPU.Build.0 = Release|Any CPU
		{6EAE4BA5-E254-41EF-829F-BC210463F112}.Debug|Any CPU.ActiveCfg = Debug|Any CPU
		{6EAE4BA5-E254-41EF-829F-BC210463F112}.Debug|Any CPU.Build.0 = Debug|Any CPU
		{6EAE4BA5-E254-41EF-829F-BC210463F112}.Release|Any CPU.ActiveCfg = Release|Any CPU
		{6EAE4BA5-E254-41EF-829F-BC210463F112}.Release|Any CPU.Build.0 = Release|Any CPU
		{83EF02E0-5DD4-437D-9994-A285E0CA4054}.Debug|Any CPU.ActiveCfg = Debug|Any CPU
		{83EF02E0-5DD4-437D-9994-A285E0CA4054}.Debug|Any CPU.Build.0 = Debug|Any CPU
		{83EF02E0-5DD4-437D-9994-A285E0CA4054}.Release|Any CPU.ActiveCfg = Release|Any CPU
		{83EF02E0-5DD4-437D-9994-A285E0CA4054}.Release|Any CPU.Build.0 = Release|Any CPU
	EndGlobalSection
	GlobalSection(SolutionProperties) = preSolution
		HideSolutionNode = FALSE
	EndGlobalSection
	GlobalSection(ExtensibilityGlobals) = postSolution
		SolutionGuid = {08F0B37F-CBF0-40DF-ACFD-B08D28C6BECF}
	EndGlobalSection
EndGlobal
